
Microsoft Visual Studio Solution File, Format Version 12.00
# Visual Studio 15
Project("{FAE04EC0-301F-11D3-BF4B-00C04F79EFBC}") = "PhotonChat", "PhotonChat.csproj", "{11E0A64E-9033-324D-35D7-FB54ECDC6B31}"
EndProject
Project("{FAE04EC0-301F-11D3-BF4B-00C04F79EFBC}") = "PhotonRealtime", "PhotonRealtime.csproj", "{5983C15A-A995-D3E0-A7A1-4B7B2353E53C}"
EndProject
Project("{FAE04EC0-301F-11D3-BF4B-00C04F79EFBC}") = "PhotonUnityNetworking.Editor", "PhotonUnityNetworking.Editor.csproj", "{23C41690-1ECE-A4A3-E44F-A59A8B83215E}"
EndProject
Project("{FAE04EC0-301F-11D3-BF4B-00C04F79EFBC}") = "PhotonUnityNetworking", "PhotonUnityNetworking.csproj", "{546F4FA5-7A5A-95F9-4EF6-D30E764C2A38}"
EndProject
Project("{FAE04EC0-301F-11D3-BF4B-00C04F79EFBC}") = "Assembly-CSharp", "Assembly-CSharp.csproj", "{93B84852-D10A-13FA-37C1-AC90FA6867C4}"
EndProject
Project("{FAE04EC0-301F-11D3-BF4B-00C04F79EFBC}") = "PhotonUnityNetworking.Demos", "PhotonUnityNetworking.Demos.csproj", "{2BF0DECF-D903-A1A1-CB64-62C5BCB91C98}"
EndProject
Project("{FAE04EC0-301F-11D3-BF4B-00C04F79EFBC}") = "PhotonUnityNetworking.Utilities.PhotonPlayer.Editor", "PhotonUnityNetworking.Utilities.PhotonPlayer.Editor.csproj", "{B90161FE-CEE8-1F37-3246-85AA2C0A12B1}"
EndProject
Project("{FAE04EC0-301F-11D3-BF4B-00C04F79EFBC}") = "PhotonUnityNetworking.Utilities", "PhotonUnityNetworking.Utilities.csproj", "{D3A0C1A1-0442-86C6-B80D-6F0627E6F57F}"
EndProject
Project("{FAE04EC0-301F-11D3-BF4B-00C04F79EFBC}") = "PunDemos.DemoHubEditor", "PunDemos.DemoHubEditor.csproj", "{DCC5E415-F02B-E77B-B38E-ACE9C0A3C0E2}"
EndProject
Project("{FAE04EC0-301F-11D3-BF4B-00C04F79EFBC}") = "PunDemos.DemoSlotcarEditor", "PunDemos.DemoSlotcarEditor.csproj", "{95382F54-B019-028C-9CB2-0BDA49E3EE81}"
EndProject
Project("{FAE04EC0-301F-11D3-BF4B-00C04F79EFBC}") = "PhotonUnityNetworking.Utilities.Culling.Editor", "PhotonUnityNetworking.Utilities.Culling.Editor.csproj", "{A97646A9-61C3-7D57-E298-A8A1FD2BA69D}"
EndProject
Project("{FAE04EC0-301F-11D3-BF4B-00C04F79EFBC}") = "Assembly-CSharp-Editor", "Assembly-CSharp-Editor.csproj", "{3B2DB717-C32F-2203-2A6B-9339B8660700}"
EndProject
Global
	GlobalSection(SolutionConfigurationPlatforms) = preSolution
		Debug|Any CPU = Debug|Any CPU
		Release|Any CPU = Release|Any CPU
	EndGlobalSection
	GlobalSection(ProjectConfigurationPlatforms) = postSolution
		{11E0A64E-9033-324D-35D7-FB54ECDC6B31}.Debug|Any CPU.ActiveCfg = Debug|Any CPU
		{11E0A64E-9033-324D-35D7-FB54ECDC6B31}.Debug|Any CPU.Build.0 = Debug|Any CPU
		{11E0A64E-9033-324D-35D7-FB54ECDC6B31}.Release|Any CPU.ActiveCfg = Release|Any CPU
		{11E0A64E-9033-324D-35D7-FB54ECDC6B31}.Release|Any CPU.Build.0 = Release|Any CPU
		{5983C15A-A995-D3E0-A7A1-4B7B2353E53C}.Debug|Any CPU.ActiveCfg = Debug|Any CPU
		{5983C15A-A995-D3E0-A7A1-4B7B2353E53C}.Debug|Any CPU.Build.0 = Debug|Any CPU
		{5983C15A-A995-D3E0-A7A1-4B7B2353E53C}.Release|Any CPU.ActiveCfg = Release|Any CPU
		{5983C15A-A995-D3E0-A7A1-4B7B2353E53C}.Release|Any CPU.Build.0 = Release|Any CPU
		{23C41690-1ECE-A4A3-E44F-A59A8B83215E}.Debug|Any CPU.ActiveCfg = Debug|Any CPU
		{23C41690-1ECE-A4A3-E44F-A59A8B83215E}.Debug|Any CPU.Build.0 = Debug|Any CPU
		{23C41690-1ECE-A4A3-E44F-A59A8B83215E}.Release|Any CPU.ActiveCfg = Release|Any CPU
		{23C41690-1ECE-A4A3-E44F-A59A8B83215E}.Release|Any CPU.Build.0 = Release|Any CPU
		{546F4FA5-7A5A-95F9-4EF6-D30E764C2A38}.Debug|Any CPU.ActiveCfg = Debug|Any CPU
		{546F4FA5-7A5A-95F9-4EF6-D30E764C2A38}.Debug|Any CPU.Build.0 = Debug|Any CPU
		{546F4FA5-7A5A-95F9-4EF6-D30E764C2A38}.Release|Any CPU.ActiveCfg = Release|Any CPU
		{546F4FA5-7A5A-95F9-4EF6-D30E764C2A38}.Release|Any CPU.Build.0 = Release|Any CPU
		{93B84852-D10A-13FA-37C1-AC90FA6867C4}.Debug|Any CPU.ActiveCfg = Debug|Any CPU
		{93B84852-D10A-13FA-37C1-AC90FA6867C4}.Debug|Any CPU.Build.0 = Debug|Any CPU
		{93B84852-D10A-13FA-37C1-AC90FA6867C4}.Release|Any CPU.ActiveCfg = Release|Any CPU
		{93B84852-D10A-13FA-37C1-AC90FA6867C4}.Release|Any CPU.Build.0 = Release|Any CPU
		{2BF0DECF-D903-A1A1-CB64-62C5BCB91C98}.Debug|Any CPU.ActiveCfg = Debug|Any CPU
		{2BF0DECF-D903-A1A1-CB64-62C5BCB91C98}.Debug|Any CPU.Build.0 = Debug|Any CPU
		{2BF0DECF-D903-A1A1-CB64-62C5BCB91C98}.Release|Any CPU.ActiveCfg = Release|Any CPU
		{2BF0DECF-D903-A1A1-CB64-62C5BCB91C98}.Release|Any CPU.Build.0 = Release|Any CPU
		{B90161FE-CEE8-1F37-3246-85AA2C0A12B1}.Debug|Any CPU.ActiveCfg = Debug|Any CPU
		{B90161FE-CEE8-1F37-3246-85AA2C0A12B1}.Debug|Any CPU.Build.0 = Debug|Any CPU
		{B90161FE-CEE8-1F37-3246-85AA2C0A12B1}.Release|Any CPU.ActiveCfg = Release|Any CPU
		{B90161FE-CEE8-1F37-3246-85AA2C0A12B1}.Release|Any CPU.Build.0 = Release|Any CPU
		{D3A0C1A1-0442-86C6-B80D-6F0627E6F57F}.Debug|Any CPU.ActiveCfg = Debug|Any CPU
		{D3A0C1A1-0442-86C6-B80D-6F0627E6F57F}.Debug|Any CPU.Build.0 = Debug|Any CPU
		{D3A0C1A1-0442-86C6-B80D-6F0627E6F57F}.Release|Any CPU.ActiveCfg = Release|Any CPU
		{D3A0C1A1-0442-86C6-B80D-6F0627E6F57F}.Release|Any CPU.Build.0 = Release|Any CPU
		{DCC5E415-F02B-E77B-B38E-ACE9C0A3C0E2}.Debug|Any CPU.ActiveCfg = Debug|Any CPU
		{DCC5E415-F02B-E77B-B38E-ACE9C0A3C0E2}.Debug|Any CPU.Build.0 = Debug|Any CPU
		{DCC5E415-F02B-E77B-B38E-ACE9C0A3C0E2}.Release|Any CPU.ActiveCfg = Release|Any CPU
		{DCC5E415-F02B-E77B-B38E-ACE9C0A3C0E2}.Release|Any CPU.Build.0 = Release|Any CPU
		{95382F54-B019-028C-9CB2-0BDA49E3EE81}.Debug|Any CPU.ActiveCfg = Debug|Any CPU
		{95382F54-B019-028C-9CB2-0BDA49E3EE81}.Debug|Any CPU.Build.0 = Debug|Any CPU
		{95382F54-B019-028C-9CB2-0BDA49E3EE81}.Release|Any CPU.ActiveCfg = Release|Any CPU
		{95382F54-B019-028C-9CB2-0BDA49E3EE81}.Release|Any CPU.Build.0 = Release|Any CPU
		{A97646A9-61C3-7D57-E298-A8A1FD2BA69D}.Debug|Any CPU.ActiveCfg = Debug|Any CPU
		{A97646A9-61C3-7D57-E298-A8A1FD2BA69D}.Debug|Any CPU.Build.0 = Debug|Any CPU
		{A97646A9-61C3-7D57-E298-A8A1FD2BA69D}.Release|Any CPU.ActiveCfg = Release|Any CPU
		{A97646A9-61C3-7D57-E298-A8A1FD2BA69D}.Release|Any CPU.Build.0 = Release|Any CPU
		{3B2DB717-C32F-2203-2A6B-9339B8660700}.Debug|Any CPU.ActiveCfg = Debug|Any CPU
		{3B2DB717-C32F-2203-2A6B-9339B8660700}.Debug|Any CPU.Build.0 = Debug|Any CPU
		{3B2DB717-C32F-2203-2A6B-9339B8660700}.Release|Any CPU.ActiveCfg = Release|Any CPU
		{3B2DB717-C32F-2203-2A6B-9339B8660700}.Release|Any CPU.Build.0 = Release|Any CPU
	EndGlobalSection
	GlobalSection(SolutionProperties) = preSolution
		HideSolutionNode = FALSE
	EndGlobalSection
EndGlobal
